
Microsoft Visual Studio Solution File, Format Version 12.00
# Visual Studio Version 16
VisualStudioVersion = 16.0.28803.202
MinimumVisualStudioVersion = 10.0.40219.1
Project("{FAE04EC0-301F-11D3-BF4B-00C04F79EFBC}") = "solucioncliente", "solucioncliente\solucioncliente.csproj", "{BED03CC9-DF0A-44D4-B839-CCE188A06D9B}"
EndProject
Global
	GlobalSection(SolutionConfigurationPlatforms) = preSolution
		Debug|Any CPU = Debug|Any CPU
		Release|Any CPU = Release|Any CPU
	EndGlobalSection
	GlobalSection(ProjectConfigurationPlatforms) = postSolution
		{BED03CC9-DF0A-44D4-B839-CCE188A06D9B}.Debug|Any CPU.ActiveCfg = Debug|Any CPU
		{BED03CC9-DF0A-44D4-B839-CCE188A06D9B}.Debug|Any CPU.Build.0 = Debug|Any CPU
		{BED03CC9-DF0A-44D4-B839-CCE188A06D9B}.Release|Any CPU.ActiveCfg = Release|Any CPU
		{BED03CC9-DF0A-44D4-B839-CCE188A06D9B}.Release|Any CPU.Build.0 = Release|Any CPU
	EndGlobalSection
	GlobalSection(SolutionProperties) = preSolution
		HideSolutionNode = FALSE
	EndGlobalSection
	GlobalSection(ExtensibilityGlobals) = postSolution
		SolutionGuid = {1C90013D-24A6-4931-96C8-9AE803C3B694}
	EndGlobalSection
EndGlobal
